// !$*UTF8*$!
{
	archiveVersion = 1;
	classes = {
	};
	objectVersion = 50;
	objects = {

/* Begin PBXBuildFile section */
		F71D37ED26DCE7AF00640620 /* AppDelegate.swift in Sources */ = {isa = PBXBuildFile; fileRef = F71D37EC26DCE7AF00640620 /* AppDelegate.swift */; };
		F71D37F126DCE7AF00640620 /* HomeViewController.swift in Sources */ = {isa = PBXBuildFile; fileRef = F71D37F026DCE7AF00640620 /* HomeViewController.swift */; };
		F71D37F426DCE7AF00640620 /* Home.storyboard in Resources */ = {isa = PBXBuildFile; fileRef = F71D37F226DCE7AF00640620 /* Home.storyboard */; };
		F71D37F626DCE7B000640620 /* Assets.xcassets in Resources */ = {isa = PBXBuildFile; fileRef = F71D37F526DCE7B000640620 /* Assets.xcassets */; };
		F71D37F926DCE7B000640620 /* LaunchScreen.storyboard in Resources */ = {isa = PBXBuildFile; fileRef = F71D37F726DCE7B000640620 /* LaunchScreen.storyboard */; };
		F71D380D26DCEBCE00640620 /* PersonTableViewCell.swift in Sources */ = {isa = PBXBuildFile; fileRef = F71D380B26DCEBCE00640620 /* PersonTableViewCell.swift */; };
		F71D380E26DCEBCE00640620 /* PersonTableViewCell.xib in Resources */ = {isa = PBXBuildFile; fileRef = F71D380C26DCEBCE00640620 /* PersonTableViewCell.xib */; };
		F71D381026DCEDE800640620 /* HomeViewModel.swift in Sources */ = {isa = PBXBuildFile; fileRef = F71D380F26DCEDE800640620 /* HomeViewModel.swift */; };
		F71D381326DCEE9600640620 /* DataSource.swift in Sources */ = {isa = PBXBuildFile; fileRef = F71D381226DCEE9600640620 /* DataSource.swift */; };
		F71D381A26DCF52900640620 /* Closures.swift in Sources */ = {isa = PBXBuildFile; fileRef = F71D381926DCF52900640620 /* Closures.swift */; };
		F71D381D26DCFAF100640620 /* VC+Extensions.swift in Sources */ = {isa = PBXBuildFile; fileRef = F71D381C26DCFAF100640620 /* VC+Extensions.swift */; };
/* End PBXBuildFile section */

/* Begin PBXFileReference section */
		F71D37E926DCE7AF00640620 /* ScorpWorkshop.app */ = {isa = PBXFileReference; explicitFileType = wrapper.application; includeInIndex = 0; path = ScorpWorkshop.app; sourceTree = BUILT_PRODUCTS_DIR; };
		F71D37EC26DCE7AF00640620 /* AppDelegate.swift */ = {isa = PBXFileReference; lastKnownFileType = sourcecode.swift; path = AppDelegate.swift; sourceTree = "<group>"; };
		F71D37F026DCE7AF00640620 /* HomeViewController.swift */ = {isa = PBXFileReference; lastKnownFileType = sourcecode.swift; path = HomeViewController.swift; sourceTree = "<group>"; };
		F71D37F326DCE7AF00640620 /* Base */ = {isa = PBXFileReference; lastKnownFileType = file.storyboard; name = Base; path = Base.lproj/Home.storyboard; sourceTree = "<group>"; };
		F71D37F526DCE7B000640620 /* Assets.xcassets */ = {isa = PBXFileReference; lastKnownFileType = folder.assetcatalog; path = Assets.xcassets; sourceTree = "<group>"; };
		F71D37F826DCE7B000640620 /* Base */ = {isa = PBXFileReference; lastKnownFileType = file.storyboard; name = Base; path = Base.lproj/LaunchScreen.storyboard; sourceTree = "<group>"; };
		F71D37FA26DCE7B000640620 /* Info.plist */ = {isa = PBXFileReference; lastKnownFileType = text.plist.xml; path = Info.plist; sourceTree = "<group>"; };
		F71D380B26DCEBCE00640620 /* PersonTableViewCell.swift */ = {isa = PBXFileReference; lastKnownFileType = sourcecode.swift; path = PersonTableViewCell.swift; sourceTree = "<group>"; };
		F71D380C26DCEBCE00640620 /* PersonTableViewCell.xib */ = {isa = PBXFileReference; lastKnownFileType = file.xib; path = PersonTableViewCell.xib; sourceTree = "<group>"; };
		F71D380F26DCEDE800640620 /* HomeViewModel.swift */ = {isa = PBXFileReference; lastKnownFileType = sourcecode.swift; path = HomeViewModel.swift; sourceTree = "<group>"; };
		F71D381226DCEE9600640620 /* DataSource.swift */ = {isa = PBXFileReference; fileEncoding = 4; lastKnownFileType = sourcecode.swift; path = DataSource.swift; sourceTree = "<group>"; };
		F71D381926DCF52900640620 /* Closures.swift */ = {isa = PBXFileReference; lastKnownFileType = sourcecode.swift; path = Closures.swift; sourceTree = "<group>"; };
		F71D381C26DCFAF100640620 /* VC+Extensions.swift */ = {isa = PBXFileReference; lastKnownFileType = sourcecode.swift; path = "VC+Extensions.swift"; sourceTree = "<group>"; };
/* End PBXFileReference section */

/* Begin PBXFrameworksBuildPhase section */
		F71D37E626DCE7AF00640620 /* Frameworks */ = {
			isa = PBXFrameworksBuildPhase;
			buildActionMask = 2147483647;
			files = (
			);
			runOnlyForDeploymentPostprocessing = 0;
		};
/* End PBXFrameworksBuildPhase section */

/* Begin PBXGroup section */
		F71D37E026DCE7AE00640620 = {
			isa = PBXGroup;
			children = (
				F71D37EB26DCE7AF00640620 /* ScorpWorkshop */,
				F71D37EA26DCE7AF00640620 /* Products */,
			);
			sourceTree = "<group>";
		};
		F71D37EA26DCE7AF00640620 /* Products */ = {
			isa = PBXGroup;
			children = (
				F71D37E926DCE7AF00640620 /* ScorpWorkshop.app */,
			);
			name = Products;
			sourceTree = "<group>";
		};
		F71D37EB26DCE7AF00640620 /* ScorpWorkshop */ = {
			isa = PBXGroup;
			children = (
				F71D381B26DCFAE400640620 /* Helper */,
				F71D381726DCF50D00640620 /* Utilities */,
				F71D380926DCEBA700640620 /* UIComponents */,
				F71D380226DCE80D00640620 /* AppDelegate */,
				F71D380526DCE85B00640620 /* Configurations */,
				F71D380326DCE83400640620 /* Scenes */,
				F71D380126DCE7FC00640620 /* Resources */,
				F71D381126DCEE9600640620 /* DataProvider */,
				F71D37F726DCE7B000640620 /* LaunchScreen.storyboard */,
			);
			path = ScorpWorkshop;
			sourceTree = "<group>";
		};
		F71D380126DCE7FC00640620 /* Resources */ = {
			isa = PBXGroup;
			children = (
				F71D37F526DCE7B000640620 /* Assets.xcassets */,
			);
			path = Resources;
			sourceTree = "<group>";
		};
		F71D380226DCE80D00640620 /* AppDelegate */ = {
			isa = PBXGroup;
			children = (
				F71D37EC26DCE7AF00640620 /* AppDelegate.swift */,
			);
			path = AppDelegate;
			sourceTree = "<group>";
		};
		F71D380326DCE83400640620 /* Scenes */ = {
			isa = PBXGroup;
			children = (
				F71D380426DCE84300640620 /* Home */,
			);
			path = Scenes;
			sourceTree = "<group>";
		};
		F71D380426DCE84300640620 /* Home */ = {
			isa = PBXGroup;
			children = (
				F71D37F226DCE7AF00640620 /* Home.storyboard */,
				F71D37F026DCE7AF00640620 /* HomeViewController.swift */,
				F71D380F26DCEDE800640620 /* HomeViewModel.swift */,
			);
			path = Home;
			sourceTree = "<group>";
		};
		F71D380526DCE85B00640620 /* Configurations */ = {
			isa = PBXGroup;
			children = (
				F71D37FA26DCE7B000640620 /* Info.plist */,
			);
			path = Configurations;
			sourceTree = "<group>";
		};
		F71D380926DCEBA700640620 /* UIComponents */ = {
			isa = PBXGroup;
			children = (
				F71D380A26DCEBB200640620 /* Cells */,
			);
			path = UIComponents;
			sourceTree = "<group>";
		};
		F71D380A26DCEBB200640620 /* Cells */ = {
			isa = PBXGroup;
			children = (
				F71D380B26DCEBCE00640620 /* PersonTableViewCell.swift */,
				F71D380C26DCEBCE00640620 /* PersonTableViewCell.xib */,
			);
			path = Cells;
			sourceTree = "<group>";
		};
		F71D381126DCEE9600640620 /* DataProvider */ = {
			isa = PBXGroup;
			children = (
				F71D381226DCEE9600640620 /* DataSource.swift */,
			);
			path = DataProvider;
			sourceTree = "<group>";
		};
		F71D381726DCF50D00640620 /* Utilities */ = {
			isa = PBXGroup;
			children = (
				F71D381826DCF51800640620 /* Constants */,
			);
			path = Utilities;
			sourceTree = "<group>";
		};
		F71D381826DCF51800640620 /* Constants */ = {
			isa = PBXGroup;
			children = (
				F71D381926DCF52900640620 /* Closures.swift */,
			);
			path = Constants;
			sourceTree = "<group>";
		};
		F71D381B26DCFAE400640620 /* Helper */ = {
			isa = PBXGroup;
			children = (
				F71D381C26DCFAF100640620 /* VC+Extensions.swift */,
			);
			path = Helper;
			sourceTree = "<group>";
		};
/* End PBXGroup section */

/* Begin PBXNativeTarget section */
		F71D37E826DCE7AF00640620 /* ScorpWorkshop */ = {
			isa = PBXNativeTarget;
			buildConfigurationList = F71D37FD26DCE7B000640620 /* Build configuration list for PBXNativeTarget "ScorpWorkshop" */;
			buildPhases = (
				F71D37E526DCE7AF00640620 /* Sources */,
				F71D37E626DCE7AF00640620 /* Frameworks */,
				F71D37E726DCE7AF00640620 /* Resources */,
			);
			buildRules = (
			);
			dependencies = (
			);
			name = ScorpWorkshop;
			productName = ScorpWorkshop;
			productReference = F71D37E926DCE7AF00640620 /* ScorpWorkshop.app */;
			productType = "com.apple.product-type.application";
		};
/* End PBXNativeTarget section */

/* Begin PBXProject section */
		F71D37E126DCE7AE00640620 /* Project object */ = {
			isa = PBXProject;
			attributes = {
				LastSwiftUpdateCheck = 1250;
				LastUpgradeCheck = 1250;
				ORGANIZATIONNAME = "Kaan Ozdemir";
				TargetAttributes = {
					F71D37E826DCE7AF00640620 = {
						CreatedOnToolsVersion = 12.5.1;
					};
				};
			};
			buildConfigurationList = F71D37E426DCE7AE00640620 /* Build configuration list for PBXProject "ScorpWorkshop" */;
			compatibilityVersion = "Xcode 9.3";
			developmentRegion = en;
			hasScannedForEncodings = 0;
			knownRegions = (
				en,
				Base,
			);
			mainGroup = F71D37E026DCE7AE00640620;
			productRefGroup = F71D37EA26DCE7AF00640620 /* Products */;
			projectDirPath = "";
			projectRoot = "";
			targets = (
				F71D37E826DCE7AF00640620 /* ScorpWorkshop */,
			);
		};
/* End PBXProject section */

/* Begin PBXResourcesBuildPhase section */
		F71D37E726DCE7AF00640620 /* Resources */ = {
			isa = PBXResourcesBuildPhase;
			buildActionMask = 2147483647;
			files = (
				F71D37F926DCE7B000640620 /* LaunchScreen.storyboard in Resources */,
				F71D37F626DCE7B000640620 /* Assets.xcassets in Resources */,
				F71D37F426DCE7AF00640620 /* Home.storyboard in Resources */,
				F71D380E26DCEBCE00640620 /* PersonTableViewCell.xib in Resources */,
			);
			runOnlyForDeploymentPostprocessing = 0;
		};
/* End PBXResourcesBuildPhase section */

/* Begin PBXSourcesBuildPhase section */
		F71D37E526DCE7AF00640620 /* Sources */ = {
			isa = PBXSourcesBuildPhase;
			buildActionMask = 2147483647;
			files = (
				F71D380D26DCEBCE00640620 /* PersonTableViewCell.swift in Sources */,
				F71D381D26DCFAF100640620 /* VC+Extensions.swift in Sources */,
				F71D37F126DCE7AF00640620 /* HomeViewController.swift in Sources */,
				F71D37ED26DCE7AF00640620 /* AppDelegate.swift in Sources */,
				F71D381326DCEE9600640620 /* DataSource.swift in Sources */,
				F71D381026DCEDE800640620 /* HomeViewModel.swift in Sources */,
				F71D381A26DCF52900640620 /* Closures.swift in Sources */,
			);
			runOnlyForDeploymentPostprocessing = 0;
		};
/* End PBXSourcesBuildPhase section */

/* Begin PBXVariantGroup section */
		F71D37F226DCE7AF00640620 /* Home.storyboard */ = {
			isa = PBXVariantGroup;
			children = (
				F71D37F326DCE7AF00640620 /* Base */,
			);
			name = Home.storyboard;
			sourceTree = "<group>";
		};
		F71D37F726DCE7B000640620 /* LaunchScreen.storyboard */ = {
			isa = PBXVariantGroup;
			children = (
				F71D37F826DCE7B000640620 /* Base */,
			);
			name = LaunchScreen.storyboard;
			sourceTree = "<group>";
		};
/* End PBXVariantGroup section */

/* Begin XCBuildConfiguration section */
		F71D37FB26DCE7B000640620 /* Debug */ = {
			isa = XCBuildConfiguration;
			buildSettings = {
				ALWAYS_SEARCH_USER_PATHS = NO;
				CLANG_ANALYZER_NONNULL = YES;
				CLANG_ANALYZER_NUMBER_OBJECT_CONVERSION = YES_AGGRESSIVE;
				CLANG_CXX_LANGUAGE_STANDARD = "gnu++14";
				CLANG_CXX_LIBRARY = "libc++";
				CLANG_ENABLE_MODULES = YES;
				CLANG_ENABLE_OBJC_ARC = YES;
				CLANG_ENABLE_OBJC_WEAK = YES;
				CLANG_WARN_BLOCK_CAPTURE_AUTORELEASING = YES;
				CLANG_WARN_BOOL_CONVERSION = YES;
				CLANG_WARN_COMMA = YES;
				CLANG_WARN_CONSTANT_CONVERSION = YES;
				CLANG_WARN_DEPRECATED_OBJC_IMPLEMENTATIONS = YES;
				CLANG_WARN_DIRECT_OBJC_ISA_USAGE = YES_ERROR;
				CLANG_WARN_DOCUMENTATION_COMMENTS = YES;
				CLANG_WARN_EMPTY_BODY = YES;
				CLANG_WARN_ENUM_CONVERSION = YES;
				CLANG_WARN_INFINITE_RECURSION = YES;
				CLANG_WARN_INT_CONVERSION = YES;
				CLANG_WARN_NON_LITERAL_NULL_CONVERSION = YES;
				CLANG_WARN_OBJC_IMPLICIT_RETAIN_SELF = YES;
				CLANG_WARN_OBJC_LITERAL_CONVERSION = YES;
				CLANG_WARN_OBJC_ROOT_CLASS = YES_ERROR;
				CLANG_WARN_QUOTED_INCLUDE_IN_FRAMEWORK_HEADER = YES;
				CLANG_WARN_RANGE_LOOP_ANALYSIS = YES;
				CLANG_WARN_STRICT_PROTOTYPES = YES;
				CLANG_WARN_SUSPICIOUS_MOVE = YES;
				CLANG_WARN_UNGUARDED_AVAILABILITY = YES_AGGRESSIVE;
				CLANG_WARN_UNREACHABLE_CODE = YES;
				CLANG_WARN__DUPLICATE_METHOD_MATCH = YES;
				COPY_PHASE_STRIP = NO;
				DEBUG_INFORMATION_FORMAT = dwarf;
				ENABLE_STRICT_OBJC_MSGSEND = YES;
				ENABLE_TESTABILITY = YES;
				GCC_C_LANGUAGE_STANDARD = gnu11;
				GCC_DYNAMIC_NO_PIC = NO;
				GCC_NO_COMMON_BLOCKS = YES;
				GCC_OPTIMIZATION_LEVEL = 0;
				GCC_PREPROCESSOR_DEFINITIONS = (
					"DEBUG=1",
					"$(inherited)",
				);
				GCC_WARN_64_TO_32_BIT_CONVERSION = YES;
				GCC_WARN_ABOUT_RETURN_TYPE = YES_ERROR;
				GCC_WARN_UNDECLARED_SELECTOR = YES;
				GCC_WARN_UNINITIALIZED_AUTOS = YES_AGGRESSIVE;
				GCC_WARN_UNUSED_FUNCTION = YES;
				GCC_WARN_UNUSED_VARIABLE = YES;
				IPHONEOS_DEPLOYMENT_TARGET = 14.5;
				MTL_ENABLE_DEBUG_INFO = INCLUDE_SOURCE;
				MTL_FAST_MATH = YES;
				ONLY_ACTIVE_ARCH = YES;
				SDKROOT = iphoneos;
				SWIFT_ACTIVE_COMPILATION_CONDITIONS = DEBUG;
				SWIFT_OPTIMIZATION_LEVEL = "-Onone";
			};
			name = Debug;
		};
		F71D37FC26DCE7B000640620 /* Release */ = {
			isa = XCBuildConfiguration;
			buildSettings = {
				ALWAYS_SEARCH_USER_PATHS = NO;
				CLANG_ANALYZER_NONNULL = YES;
				CLANG_ANALYZER_NUMBER_OBJECT_CONVERSION = YES_AGGRESSIVE;
				CLANG_CXX_LANGUAGE_STANDARD = "gnu++14";
				CLANG_CXX_LIBRARY = "libc++";
				CLANG_ENABLE_MODULES = YES;
				CLANG_ENABLE_OBJC_ARC = YES;
				CLANG_ENABLE_OBJC_WEAK = YES;
				CLANG_WARN_BLOCK_CAPTURE_AUTORELEASING = YES;
				CLANG_WARN_BOOL_CONVERSION = YES;
				CLANG_WARN_COMMA = YES;
				CLANG_WARN_CONSTANT_CONVERSION = YES;
				CLANG_WARN_DEPRECATED_OBJC_IMPLEMENTATIONS = YES;
				CLANG_WARN_DIRECT_OBJC_ISA_USAGE = YES_ERROR;
				CLANG_WARN_DOCUMENTATION_COMMENTS = YES;
				CLANG_WARN_EMPTY_BODY = YES;
				CLANG_WARN_ENUM_CONVERSION = YES;
				CLANG_WARN_INFINITE_RECURSION = YES;
				CLANG_WARN_INT_CONVERSION = YES;
				CLANG_WARN_NON_LITERAL_NULL_CONVERSION = YES;
				CLANG_WARN_OBJC_IMPLICIT_RETAIN_SELF = YES;
				CLANG_WARN_OBJC_LITERAL_CONVERSION = YES;
				CLANG_WARN_OBJC_ROOT_CLASS = YES_ERROR;
				CLANG_WARN_QUOTED_INCLUDE_IN_FRAMEWORK_HEADER = YES;
				CLANG_WARN_RANGE_LOOP_ANALYSIS = YES;
				CLANG_WARN_STRICT_PROTOTYPES = YES;
				CLANG_WARN_SUSPICIOUS_MOVE = YES;
				CLANG_WARN_UNGUARDED_AVAILABILITY = YES_AGGRESSIVE;
				CLANG_WARN_UNREACHABLE_CODE = YES;
				CLANG_WARN__DUPLICATE_METHOD_MATCH = YES;
				COPY_PHASE_STRIP = NO;
				DEBUG_INFORMATION_FORMAT = "dwarf-with-dsym";
				ENABLE_NS_ASSERTIONS = NO;
				ENABLE_STRICT_OBJC_MSGSEND = YES;
				GCC_C_LANGUAGE_STANDARD = gnu11;
				GCC_NO_COMMON_BLOCKS = YES;
				GCC_WARN_64_TO_32_BIT_CONVERSION = YES;
				GCC_WARN_ABOUT_RETURN_TYPE = YES_ERROR;
				GCC_WARN_UNDECLARED_SELECTOR = YES;
				GCC_WARN_UNINITIALIZED_AUTOS = YES_AGGRESSIVE;
				GCC_WARN_UNUSED_FUNCTION = YES;
				GCC_WARN_UNUSED_VARIABLE = YES;
				IPHONEOS_DEPLOYMENT_TARGET = 14.5;
				MTL_ENABLE_DEBUG_INFO = NO;
				MTL_FAST_MATH = YES;
				SDKROOT = iphoneos;
				SWIFT_COMPILATION_MODE = wholemodule;
				SWIFT_OPTIMIZATION_LEVEL = "-O";
				VALIDATE_PRODUCT = YES;
			};
			name = Release;
		};
		F71D37FE26DCE7B000640620 /* Debug */ = {
			isa = XCBuildConfiguration;
			buildSettings = {
				ASSETCATALOG_COMPILER_APPICON_NAME = AppIcon;
				ASSETCATALOG_COMPILER_GLOBAL_ACCENT_COLOR_NAME = AccentColor;
				CODE_SIGN_STYLE = Automatic;
				DEVELOPMENT_TEAM = 8ZB49XM27T;
				INFOPLIST_FILE = ScorpWorkshop/Configurations/Info.plist;
				IPHONEOS_DEPLOYMENT_TARGET = 11.0;
				LD_RUNPATH_SEARCH_PATHS = (
					"$(inherited)",
					"@executable_path/Frameworks",
				);
				PRODUCT_BUNDLE_IDENTIFIER = com.ko.ScorpWorkshop;
				PRODUCT_NAME = "$(TARGET_NAME)";
				SWIFT_VERSION = 5.0;
				TARGETED_DEVICE_FAMILY = "1,2";
			};
			name = Debug;
		};
		F71D37FF26DCE7B000640620 /* Release */ = {
			isa = XCBuildConfiguration;
			buildSettings = {
				ASSETCATALOG_COMPILER_APPICON_NAME = AppIcon;
				ASSETCATALOG_COMPILER_GLOBAL_ACCENT_COLOR_NAME = AccentColor;
				CODE_SIGN_STYLE = Automatic;
				DEVELOPMENT_TEAM = 8ZB49XM27T;
				INFOPLIST_FILE = ScorpWorkshop/Configurations/Info.plist;
				IPHONEOS_DEPLOYMENT_TARGET = 11.0;
				LD_RUNPATH_SEARCH_PATHS = (
					"$(inherited)",
					"@executable_path/Frameworks",
				);
				PRODUCT_BUNDLE_IDENTIFIER = com.ko.ScorpWorkshop;
				PRODUCT_NAME = "$(TARGET_NAME)";
				SWIFT_VERSION = 5.0;
				TARGETED_DEVICE_FAMILY = "1,2";
			};
			name = Release;
		};
/* End XCBuildConfiguration section */

/* Begin XCConfigurationList section */
		F71D37E426DCE7AE00640620 /* Build configuration list for PBXProject "ScorpWorkshop" */ = {
			isa = XCConfigurationList;
			buildConfigurations = (
				F71D37FB26DCE7B000640620 /* Debug */,
				F71D37FC26DCE7B000640620 /* Release */,
			);
			defaultConfigurationIsVisible = 0;
			defaultConfigurationName = Release;
		};
		F71D37FD26DCE7B000640620 /* Build configuration list for PBXNativeTarget "ScorpWorkshop" */ = {
			isa = XCConfigurationList;
			buildConfigurations = (
				F71D37FE26DCE7B000640620 /* Debug */,
				F71D37FF26DCE7B000640620 /* Release */,
			);
			defaultConfigurationIsVisible = 0;
			defaultConfigurationName = Release;
		};
/* End XCConfigurationList section */
	};
	rootObject = F71D37E126DCE7AE00640620 /* Project object */;
}
